// !$*UTF8*$!
{
	archiveVersion = 1;
	classes = {
	};
	objectVersion = 55;
	objects = {

/* Begin PBXBuildFile section */
		00A6B3A729D775EE005236FD /* AppDelegate.swift in Sources */ = {isa = PBXBuildFile; fileRef = 00A6B3A629D775EE005236FD /* AppDelegate.swift */; };
		00A6B3A929D775EE005236FD /* SceneDelegate.swift in Sources */ = {isa = PBXBuildFile; fileRef = 00A6B3A829D775EE005236FD /* SceneDelegate.swift */; };
		00A6B3AB29D775EE005236FD /* ViewController.swift in Sources */ = {isa = PBXBuildFile; fileRef = 00A6B3AA29D775EE005236FD /* ViewController.swift */; };
		00A6B3B129D775EF005236FD /* Pizza__App_Demo.xcdatamodeld in Sources */ = {isa = PBXBuildFile; fileRef = 00A6B3AF29D775EE005236FD /* Pizza__App_Demo.xcdatamodeld */; };
		00A6B3B329D775F3005236FD /* Assets.xcassets in Resources */ = {isa = PBXBuildFile; fileRef = 00A6B3B229D775F3005236FD /* Assets.xcassets */; };
		00A6B3B629D775F3005236FD /* LaunchScreen.storyboard in Resources */ = {isa = PBXBuildFile; fileRef = 00A6B3B429D775F3005236FD /* LaunchScreen.storyboard */; };
		00A6B3BE29D77714005236FD /* Colors.xcassets in Resources */ = {isa = PBXBuildFile; fileRef = 00A6B3BD29D77714005236FD /* Colors.xcassets */; };
		00A6B3C529D78BF4005236FD /* APIRouter.swift in Sources */ = {isa = PBXBuildFile; fileRef = 00A6B3C429D78BF4005236FD /* APIRouter.swift */; };
		00A6B3CB29D78C02005236FD /* NetworkClient.swift in Sources */ = {isa = PBXBuildFile; fileRef = 00A6B3C629D78C02005236FD /* NetworkClient.swift */; };
		00A6B3CC29D78C02005236FD /* PizzaRouter.swift in Sources */ = {isa = PBXBuildFile; fileRef = 00A6B3C729D78C02005236FD /* PizzaRouter.swift */; };
		00A6B3CD29D78C02005236FD /* MainRouter.swift in Sources */ = {isa = PBXBuildFile; fileRef = 00A6B3C829D78C02005236FD /* MainRouter.swift */; };
		00A6B3CE29D78C02005236FD /* NetworkConstants.swift in Sources */ = {isa = PBXBuildFile; fileRef = 00A6B3C929D78C02005236FD /* NetworkConstants.swift */; };
		00A6B3CF29D78C02005236FD /* FeedRouter.swift in Sources */ = {isa = PBXBuildFile; fileRef = 00A6B3CA29D78C02005236FD /* FeedRouter.swift */; };
		00A6B3D329D78EC5005236FD /* CustomTabBarController.swift in Sources */ = {isa = PBXBuildFile; fileRef = 00A6B3D129D78EC5005236FD /* CustomTabBarController.swift */; };
		00A6B3D429D78EC5005236FD /* CustomTabBar.swift in Sources */ = {isa = PBXBuildFile; fileRef = 00A6B3D229D78EC5005236FD /* CustomTabBar.swift */; };
		00A6B3D829D78EEF005236FD /* AppStoryboard.swift in Sources */ = {isa = PBXBuildFile; fileRef = 00A6B3D629D78EEF005236FD /* AppStoryboard.swift */; };
		00A6B3D929D78EEF005236FD /* NibLoadingView.swift in Sources */ = {isa = PBXBuildFile; fileRef = 00A6B3D729D78EEF005236FD /* NibLoadingView.swift */; };
		00A6B3DC29D78F45005236FD /* ResponseObject.swift in Sources */ = {isa = PBXBuildFile; fileRef = 00A6B3DB29D78F45005236FD /* ResponseObject.swift */; };
		00A6B3E429D78F64005236FD /* Size.swift in Sources */ = {isa = PBXBuildFile; fileRef = 00A6B3DE29D78F63005236FD /* Size.swift */; };
		00A6B3E529D78F64005236FD /* PizzaOptions.swift in Sources */ = {isa = PBXBuildFile; fileRef = 00A6B3DF29D78F63005236FD /* PizzaOptions.swift */; };
		00A6B3E629D78F64005236FD /* Slider.swift in Sources */ = {isa = PBXBuildFile; fileRef = 00A6B3E029D78F64005236FD /* Slider.swift */; };
		00A6B3E729D78F64005236FD /* PizzaCategory.swift in Sources */ = {isa = PBXBuildFile; fileRef = 00A6B3E129D78F64005236FD /* PizzaCategory.swift */; };
		00A6B3E829D78F64005236FD /* Product.swift in Sources */ = {isa = PBXBuildFile; fileRef = 00A6B3E229D78F64005236FD /* Product.swift */; };
		00A6B3E929D78F64005236FD /* CartItem.swift in Sources */ = {isa = PBXBuildFile; fileRef = 00A6B3E329D78F64005236FD /* CartItem.swift */; };
		00A6B3F029D78FA6005236FD /* UIColor+Extensions.swift in Sources */ = {isa = PBXBuildFile; fileRef = 00A6B3EB29D78FA5005236FD /* UIColor+Extensions.swift */; };
		00A6B3F129D78FA6005236FD /* UITableView+Extensions.swift in Sources */ = {isa = PBXBuildFile; fileRef = 00A6B3EC29D78FA5005236FD /* UITableView+Extensions.swift */; };
		00A6B3F229D78FA6005236FD /* UIView+Extensions.swift in Sources */ = {isa = PBXBuildFile; fileRef = 00A6B3ED29D78FA5005236FD /* UIView+Extensions.swift */; };
		00A6B3F329D78FA6005236FD /* UICollectionView+Extensions.swift in Sources */ = {isa = PBXBuildFile; fileRef = 00A6B3EE29D78FA5005236FD /* UICollectionView+Extensions.swift */; };
		00A6B3F429D78FA6005236FD /* UIStackView+Extensions.swift in Sources */ = {isa = PBXBuildFile; fileRef = 00A6B3EF29D78FA6005236FD /* UIStackView+Extensions.swift */; };
		00A6B3F729D7901B005236FD /* RatingView.swift in Sources */ = {isa = PBXBuildFile; fileRef = 00A6B3F629D7901B005236FD /* RatingView.swift */; };
		00A6B3FA29D79209005236FD /* Navigator.swift in Sources */ = {isa = PBXBuildFile; fileRef = 00A6B3F929D79209005236FD /* Navigator.swift */; };
		00A6B3FD29D79275005236FD /* AppCoordinator.swift in Sources */ = {isa = PBXBuildFile; fileRef = 00A6B3FC29D79274005236FD /* AppCoordinator.swift */; };
		00A6B40229D792A1005236FD /* MainNavigator.swift in Sources */ = {isa = PBXBuildFile; fileRef = 00A6B3FF29D792A1005236FD /* MainNavigator.swift */; };
		00A6B40329D792A1005236FD /* CartNavigator.swift in Sources */ = {isa = PBXBuildFile; fileRef = 00A6B40029D792A1005236FD /* CartNavigator.swift */; };
		00A6B40429D792A1005236FD /* PizzaNavigator.swift in Sources */ = {isa = PBXBuildFile; fileRef = 00A6B40129D792A1005236FD /* PizzaNavigator.swift */; };
		00A6B40829D79636005236FD /* BaseWireframe.swift in Sources */ = {isa = PBXBuildFile; fileRef = 00A6B40629D79636005236FD /* BaseWireframe.swift */; };
		00A6B40929D79636005236FD /* BaseViewModel.swift in Sources */ = {isa = PBXBuildFile; fileRef = 00A6B40729D79636005236FD /* BaseViewModel.swift */; };
		00A6B40B29D79899005236FD /* Cart.storyboard in Resources */ = {isa = PBXBuildFile; fileRef = 00A6B40A29D79899005236FD /* Cart.storyboard */; };
		5975036D2E97C63BDE7C2487 /* Pods_Pizza__App_Demo.framework in Frameworks */ = {isa = PBXBuildFile; fileRef = 3C642F3851EE6F58EABDBDBA /* Pods_Pizza__App_Demo.framework */; };
/* End PBXBuildFile section */

/* Begin PBXFileReference section */
		00A6B3A329D775EE005236FD /* Pizza  App Demo.app */ = {isa = PBXFileReference; explicitFileType = wrapper.application; includeInIndex = 0; path = "Pizza  App Demo.app"; sourceTree = BUILT_PRODUCTS_DIR; };
		00A6B3A629D775EE005236FD /* AppDelegate.swift */ = {isa = PBXFileReference; lastKnownFileType = sourcecode.swift; path = AppDelegate.swift; sourceTree = "<group>"; };
		00A6B3A829D775EE005236FD /* SceneDelegate.swift */ = {isa = PBXFileReference; lastKnownFileType = sourcecode.swift; path = SceneDelegate.swift; sourceTree = "<group>"; };
		00A6B3AA29D775EE005236FD /* ViewController.swift */ = {isa = PBXFileReference; lastKnownFileType = sourcecode.swift; path = ViewController.swift; sourceTree = "<group>"; };
		00A6B3B029D775EE005236FD /* Pizza__App_Demo.xcdatamodel */ = {isa = PBXFileReference; lastKnownFileType = wrapper.xcdatamodel; path = Pizza__App_Demo.xcdatamodel; sourceTree = "<group>"; };
		00A6B3B229D775F3005236FD /* Assets.xcassets */ = {isa = PBXFileReference; lastKnownFileType = folder.assetcatalog; path = Assets.xcassets; sourceTree = "<group>"; };
		00A6B3B529D775F3005236FD /* Base */ = {isa = PBXFileReference; lastKnownFileType = file.storyboard; name = Base; path = Base.lproj/LaunchScreen.storyboard; sourceTree = "<group>"; };
		00A6B3B729D775F3005236FD /* Info.plist */ = {isa = PBXFileReference; lastKnownFileType = text.plist.xml; path = Info.plist; sourceTree = "<group>"; };
		00A6B3BD29D77714005236FD /* Colors.xcassets */ = {isa = PBXFileReference; lastKnownFileType = folder.assetcatalog; path = Colors.xcassets; sourceTree = "<group>"; };
		00A6B3C429D78BF4005236FD /* APIRouter.swift */ = {isa = PBXFileReference; fileEncoding = 4; lastKnownFileType = sourcecode.swift; path = APIRouter.swift; sourceTree = "<group>"; };
		00A6B3C629D78C02005236FD /* NetworkClient.swift */ = {isa = PBXFileReference; fileEncoding = 4; lastKnownFileType = sourcecode.swift; path = NetworkClient.swift; sourceTree = "<group>"; };
		00A6B3C729D78C02005236FD /* PizzaRouter.swift */ = {isa = PBXFileReference; fileEncoding = 4; lastKnownFileType = sourcecode.swift; path = PizzaRouter.swift; sourceTree = "<group>"; };
		00A6B3C829D78C02005236FD /* MainRouter.swift */ = {isa = PBXFileReference; fileEncoding = 4; lastKnownFileType = sourcecode.swift; path = MainRouter.swift; sourceTree = "<group>"; };
		00A6B3C929D78C02005236FD /* NetworkConstants.swift */ = {isa = PBXFileReference; fileEncoding = 4; lastKnownFileType = sourcecode.swift; path = NetworkConstants.swift; sourceTree = "<group>"; };
		00A6B3CA29D78C02005236FD /* FeedRouter.swift */ = {isa = PBXFileReference; fileEncoding = 4; lastKnownFileType = sourcecode.swift; path = FeedRouter.swift; sourceTree = "<group>"; };
		00A6B3D129D78EC5005236FD /* CustomTabBarController.swift */ = {isa = PBXFileReference; fileEncoding = 4; lastKnownFileType = sourcecode.swift; path = CustomTabBarController.swift; sourceTree = "<group>"; };
		00A6B3D229D78EC5005236FD /* CustomTabBar.swift */ = {isa = PBXFileReference; fileEncoding = 4; lastKnownFileType = sourcecode.swift; path = CustomTabBar.swift; sourceTree = "<group>"; };
		00A6B3D629D78EEF005236FD /* AppStoryboard.swift */ = {isa = PBXFileReference; fileEncoding = 4; lastKnownFileType = sourcecode.swift; path = AppStoryboard.swift; sourceTree = "<group>"; };
		00A6B3D729D78EEF005236FD /* NibLoadingView.swift */ = {isa = PBXFileReference; fileEncoding = 4; lastKnownFileType = sourcecode.swift; path = NibLoadingView.swift; sourceTree = "<group>"; };
		00A6B3DB29D78F45005236FD /* ResponseObject.swift */ = {isa = PBXFileReference; fileEncoding = 4; lastKnownFileType = sourcecode.swift; path = ResponseObject.swift; sourceTree = "<group>"; };
		00A6B3DE29D78F63005236FD /* Size.swift */ = {isa = PBXFileReference; fileEncoding = 4; lastKnownFileType = sourcecode.swift; path = Size.swift; sourceTree = "<group>"; };
		00A6B3DF29D78F63005236FD /* PizzaOptions.swift */ = {isa = PBXFileReference; fileEncoding = 4; lastKnownFileType = sourcecode.swift; path = PizzaOptions.swift; sourceTree = "<group>"; };
		00A6B3E029D78F64005236FD /* Slider.swift */ = {isa = PBXFileReference; fileEncoding = 4; lastKnownFileType = sourcecode.swift; path = Slider.swift; sourceTree = "<group>"; };
		00A6B3E129D78F64005236FD /* PizzaCategory.swift */ = {isa = PBXFileReference; fileEncoding = 4; lastKnownFileType = sourcecode.swift; path = PizzaCategory.swift; sourceTree = "<group>"; };
		00A6B3E229D78F64005236FD /* Product.swift */ = {isa = PBXFileReference; fileEncoding = 4; lastKnownFileType = sourcecode.swift; path = Product.swift; sourceTree = "<group>"; };
		00A6B3E329D78F64005236FD /* CartItem.swift */ = {isa = PBXFileReference; fileEncoding = 4; lastKnownFileType = sourcecode.swift; path = CartItem.swift; sourceTree = "<group>"; };
		00A6B3EB29D78FA5005236FD /* UIColor+Extensions.swift */ = {isa = PBXFileReference; fileEncoding = 4; lastKnownFileType = sourcecode.swift; path = "UIColor+Extensions.swift"; sourceTree = "<group>"; };
		00A6B3EC29D78FA5005236FD /* UITableView+Extensions.swift */ = {isa = PBXFileReference; fileEncoding = 4; lastKnownFileType = sourcecode.swift; path = "UITableView+Extensions.swift"; sourceTree = "<group>"; };
		00A6B3ED29D78FA5005236FD /* UIView+Extensions.swift */ = {isa = PBXFileReference; fileEncoding = 4; lastKnownFileType = sourcecode.swift; path = "UIView+Extensions.swift"; sourceTree = "<group>"; };
		00A6B3EE29D78FA5005236FD /* UICollectionView+Extensions.swift */ = {isa = PBXFileReference; fileEncoding = 4; lastKnownFileType = sourcecode.swift; path = "UICollectionView+Extensions.swift"; sourceTree = "<group>"; };
		00A6B3EF29D78FA6005236FD /* UIStackView+Extensions.swift */ = {isa = PBXFileReference; fileEncoding = 4; lastKnownFileType = sourcecode.swift; path = "UIStackView+Extensions.swift"; sourceTree = "<group>"; };
		00A6B3F629D7901B005236FD /* RatingView.swift */ = {isa = PBXFileReference; fileEncoding = 4; lastKnownFileType = sourcecode.swift; path = RatingView.swift; sourceTree = "<group>"; };
		00A6B3F929D79209005236FD /* Navigator.swift */ = {isa = PBXFileReference; fileEncoding = 4; lastKnownFileType = sourcecode.swift; path = Navigator.swift; sourceTree = "<group>"; };
		00A6B3FC29D79274005236FD /* AppCoordinator.swift */ = {isa = PBXFileReference; fileEncoding = 4; lastKnownFileType = sourcecode.swift; path = AppCoordinator.swift; sourceTree = "<group>"; };
		00A6B3FF29D792A1005236FD /* MainNavigator.swift */ = {isa = PBXFileReference; fileEncoding = 4; lastKnownFileType = sourcecode.swift; path = MainNavigator.swift; sourceTree = "<group>"; };
		00A6B40029D792A1005236FD /* CartNavigator.swift */ = {isa = PBXFileReference; fileEncoding = 4; lastKnownFileType = sourcecode.swift; path = CartNavigator.swift; sourceTree = "<group>"; };
		00A6B40129D792A1005236FD /* PizzaNavigator.swift */ = {isa = PBXFileReference; fileEncoding = 4; lastKnownFileType = sourcecode.swift; path = PizzaNavigator.swift; sourceTree = "<group>"; };
		00A6B40629D79636005236FD /* BaseWireframe.swift */ = {isa = PBXFileReference; fileEncoding = 4; lastKnownFileType = sourcecode.swift; path = BaseWireframe.swift; sourceTree = "<group>"; };
		00A6B40729D79636005236FD /* BaseViewModel.swift */ = {isa = PBXFileReference; fileEncoding = 4; lastKnownFileType = sourcecode.swift; path = BaseViewModel.swift; sourceTree = "<group>"; };
		00A6B40A29D79899005236FD /* Cart.storyboard */ = {isa = PBXFileReference; lastKnownFileType = file.storyboard; path = Cart.storyboard; sourceTree = "<group>"; };
		3C642F3851EE6F58EABDBDBA /* Pods_Pizza__App_Demo.framework */ = {isa = PBXFileReference; explicitFileType = wrapper.framework; includeInIndex = 0; path = Pods_Pizza__App_Demo.framework; sourceTree = BUILT_PRODUCTS_DIR; };
		6C9252A5067BB6ABD06CD5D7 /* Pods-Pizza  App Demo.release.xcconfig */ = {isa = PBXFileReference; includeInIndex = 1; lastKnownFileType = text.xcconfig; name = "Pods-Pizza  App Demo.release.xcconfig"; path = "Target Support Files/Pods-Pizza  App Demo/Pods-Pizza  App Demo.release.xcconfig"; sourceTree = "<group>"; };
		DA1A7F76D1036327C985CE07 /* Pods-Pizza  App Demo.debug.xcconfig */ = {isa = PBXFileReference; includeInIndex = 1; lastKnownFileType = text.xcconfig; name = "Pods-Pizza  App Demo.debug.xcconfig"; path = "Target Support Files/Pods-Pizza  App Demo/Pods-Pizza  App Demo.debug.xcconfig"; sourceTree = "<group>"; };
/* End PBXFileReference section */

/* Begin PBXFrameworksBuildPhase section */
		00A6B3A029D775EE005236FD /* Frameworks */ = {
			isa = PBXFrameworksBuildPhase;
			buildActionMask = 2147483647;
			files = (
				5975036D2E97C63BDE7C2487 /* Pods_Pizza__App_Demo.framework in Frameworks */,
			);
			runOnlyForDeploymentPostprocessing = 0;
		};
/* End PBXFrameworksBuildPhase section */

/* Begin PBXGroup section */
		00A6B39A29D775EE005236FD = {
			isa = PBXGroup;
			children = (
				00A6B3A529D775EE005236FD /* Pizza  App Demo */,
				00A6B3A429D775EE005236FD /* Products */,
				409BA7A302BE51292512A695 /* Pods */,
				816265E6A8B187F517D5AF74 /* Frameworks */,
			);
			sourceTree = "<group>";
		};
		00A6B3A429D775EE005236FD /* Products */ = {
			isa = PBXGroup;
			children = (
				00A6B3A329D775EE005236FD /* Pizza  App Demo.app */,
			);
			name = Products;
			sourceTree = "<group>";
		};
		00A6B3A529D775EE005236FD /* Pizza  App Demo */ = {
			isa = PBXGroup;
			children = (
				00A6B40529D79624005236FD /* BaseWireFrame */,
				00A6B3FB29D79262005236FD /* Coordinator */,
				00A6B3F529D7900E005236FD /* Rating View */,
				00A6B3EA29D78F97005236FD /* Extension */,
				00A6B3DD29D78F52005236FD /* Model */,
				00A6B3DA29D78F2D005236FD /* Network Model */,
				00A6B3D529D78EE5005236FD /* Common */,
				00A6B3D029D78EB0005236FD /* Custom Tab Bar */,
				00A6B3C229D78BC6005236FD /* Networking */,
				00A6B3C029D7775B005236FD /* Core Data */,
				00A6B3BF29D77745005236FD /* Resources */,
				00A6B3A629D775EE005236FD /* AppDelegate.swift */,
				00A6B3A829D775EE005236FD /* SceneDelegate.swift */,
				00A6B3AA29D775EE005236FD /* ViewController.swift */,
			);
			path = "Pizza  App Demo";
			sourceTree = "<group>";
		};
		00A6B3BF29D77745005236FD /* Resources */ = {
			isa = PBXGroup;
			children = (
				00A6B3B429D775F3005236FD /* LaunchScreen.storyboard */,
				00A6B3B729D775F3005236FD /* Info.plist */,
				00A6B3B229D775F3005236FD /* Assets.xcassets */,
				00A6B3BD29D77714005236FD /* Colors.xcassets */,
				00A6B40A29D79899005236FD /* Cart.storyboard */,
			);
			path = Resources;
			sourceTree = "<group>";
		};
		00A6B3C029D7775B005236FD /* Core Data */ = {
			isa = PBXGroup;
			children = (
				00A6B3AF29D775EE005236FD /* Pizza__App_Demo.xcdatamodeld */,
			);
			path = "Core Data";
			sourceTree = "<group>";
		};
		00A6B3C229D78BC6005236FD /* Networking */ = {
			isa = PBXGroup;
			children = (
				00A6B3C329D78BD9005236FD /* Protocols */,
				00A6B3CA29D78C02005236FD /* FeedRouter.swift */,
				00A6B3C829D78C02005236FD /* MainRouter.swift */,
				00A6B3C629D78C02005236FD /* NetworkClient.swift */,
				00A6B3C929D78C02005236FD /* NetworkConstants.swift */,
				00A6B3C729D78C02005236FD /* PizzaRouter.swift */,
			);
			path = Networking;
			sourceTree = "<group>";
		};
		00A6B3C329D78BD9005236FD /* Protocols */ = {
			isa = PBXGroup;
			children = (
				00A6B3C429D78BF4005236FD /* APIRouter.swift */,
			);
			path = Protocols;
			sourceTree = "<group>";
		};
		00A6B3D029D78EB0005236FD /* Custom Tab Bar */ = {
			isa = PBXGroup;
			children = (
				00A6B3D229D78EC5005236FD /* CustomTabBar.swift */,
				00A6B3D129D78EC5005236FD /* CustomTabBarController.swift */,
			);
			path = "Custom Tab Bar";
			sourceTree = "<group>";
		};
		00A6B3D529D78EE5005236FD /* Common */ = {
			isa = PBXGroup;
			children = (
				00A6B3D629D78EEF005236FD /* AppStoryboard.swift */,
				00A6B3D729D78EEF005236FD /* NibLoadingView.swift */,
			);
			path = Common;
			sourceTree = "<group>";
		};
		00A6B3DA29D78F2D005236FD /* Network Model */ = {
			isa = PBXGroup;
			children = (
				00A6B3DB29D78F45005236FD /* ResponseObject.swift */,
			);
			path = "Network Model";
			sourceTree = "<group>";
		};
		00A6B3DD29D78F52005236FD /* Model */ = {
			isa = PBXGroup;
			children = (
				00A6B3E329D78F64005236FD /* CartItem.swift */,
				00A6B3E129D78F64005236FD /* PizzaCategory.swift */,
				00A6B3DF29D78F63005236FD /* PizzaOptions.swift */,
				00A6B3E229D78F64005236FD /* Product.swift */,
				00A6B3DE29D78F63005236FD /* Size.swift */,
				00A6B3E029D78F64005236FD /* Slider.swift */,
			);
			path = Model;
			sourceTree = "<group>";
		};
		00A6B3EA29D78F97005236FD /* Extension */ = {
			isa = PBXGroup;
			children = (
				00A6B3EE29D78FA5005236FD /* UICollectionView+Extensions.swift */,
				00A6B3EB29D78FA5005236FD /* UIColor+Extensions.swift */,
				00A6B3EF29D78FA6005236FD /* UIStackView+Extensions.swift */,
				00A6B3EC29D78FA5005236FD /* UITableView+Extensions.swift */,
				00A6B3ED29D78FA5005236FD /* UIView+Extensions.swift */,
			);
			path = Extension;
			sourceTree = "<group>";
		};
		00A6B3F529D7900E005236FD /* Rating View */ = {
			isa = PBXGroup;
			children = (
				00A6B3F629D7901B005236FD /* RatingView.swift */,
			);
			path = "Rating View";
			sourceTree = "<group>";
		};
		00A6B3F829D791F9005236FD /* Protocols */ = {
			isa = PBXGroup;
			children = (
				00A6B3F929D79209005236FD /* Navigator.swift */,
			);
			path = Protocols;
			sourceTree = "<group>";
		};
		00A6B3FB29D79262005236FD /* Coordinator */ = {
			isa = PBXGroup;
			children = (
				00A6B3FC29D79274005236FD /* AppCoordinator.swift */,
				00A6B3FE29D79285005236FD /* Navigator */,
				00A6B3F829D791F9005236FD /* Protocols */,
			);
			path = Coordinator;
			sourceTree = "<group>";
		};
		00A6B3FE29D79285005236FD /* Navigator */ = {
			isa = PBXGroup;
			children = (
				00A6B40029D792A1005236FD /* CartNavigator.swift */,
				00A6B3FF29D792A1005236FD /* MainNavigator.swift */,
				00A6B40129D792A1005236FD /* PizzaNavigator.swift */,
			);
			path = Navigator;
			sourceTree = "<group>";
		};
		00A6B40529D79624005236FD /* BaseWireFrame */ = {
			isa = PBXGroup;
			children = (
				00A6B40729D79636005236FD /* BaseViewModel.swift */,
				00A6B40629D79636005236FD /* BaseWireframe.swift */,
			);
			path = BaseWireFrame;
			sourceTree = "<group>";
		};
		409BA7A302BE51292512A695 /* Pods */ = {
			isa = PBXGroup;
			children = (
				DA1A7F76D1036327C985CE07 /* Pods-Pizza  App Demo.debug.xcconfig */,
				6C9252A5067BB6ABD06CD5D7 /* Pods-Pizza  App Demo.release.xcconfig */,
			);
			path = Pods;
			sourceTree = "<group>";
		};
		816265E6A8B187F517D5AF74 /* Frameworks */ = {
			isa = PBXGroup;
			children = (
				3C642F3851EE6F58EABDBDBA /* Pods_Pizza__App_Demo.framework */,
			);
			name = Frameworks;
			sourceTree = "<group>";
		};
/* End PBXGroup section */

/* Begin PBXNativeTarget section */
		00A6B3A229D775EE005236FD /* Pizza  App Demo */ = {
			isa = PBXNativeTarget;
			buildConfigurationList = 00A6B3BA29D775F3005236FD /* Build configuration list for PBXNativeTarget "Pizza  App Demo" */;
			buildPhases = (
				7AFA55322A6CCF0BA7C6AE2E /* [CP] Check Pods Manifest.lock */,
				00A6B39F29D775EE005236FD /* Sources */,
				00A6B3A029D775EE005236FD /* Frameworks */,
				00A6B3A129D775EE005236FD /* Resources */,
				A1266CB21A4A32817ACE1AE2 /* [CP] Embed Pods Frameworks */,
				00A6B3C129D779FA005236FD /* ShellScript */,
			);
			buildRules = (
			);
			dependencies = (
			);
			name = "Pizza  App Demo";
			productName = "Pizza  App Demo";
			productReference = 00A6B3A329D775EE005236FD /* Pizza  App Demo.app */;
			productType = "com.apple.product-type.application";
		};
/* End PBXNativeTarget section */

/* Begin PBXProject section */
		00A6B39B29D775EE005236FD /* Project object */ = {
			isa = PBXProject;
			attributes = {
				BuildIndependentTargetsInParallel = 1;
				LastSwiftUpdateCheck = 1320;
				LastUpgradeCheck = 1320;
				TargetAttributes = {
					00A6B3A229D775EE005236FD = {
						CreatedOnToolsVersion = 13.2.1;
					};
				};
			};
			buildConfigurationList = 00A6B39E29D775EE005236FD /* Build configuration list for PBXProject "Pizza  App Demo" */;
			compatibilityVersion = "Xcode 13.0";
			developmentRegion = en;
			hasScannedForEncodings = 0;
			knownRegions = (
				en,
				Base,
			);
			mainGroup = 00A6B39A29D775EE005236FD;
			productRefGroup = 00A6B3A429D775EE005236FD /* Products */;
			projectDirPath = "";
			projectRoot = "";
			targets = (
				00A6B3A229D775EE005236FD /* Pizza  App Demo */,
			);
		};
/* End PBXProject section */

/* Begin PBXResourcesBuildPhase section */
		00A6B3A129D775EE005236FD /* Resources */ = {
			isa = PBXResourcesBuildPhase;
			buildActionMask = 2147483647;
			files = (
				00A6B3B629D775F3005236FD /* LaunchScreen.storyboard in Resources */,
				00A6B3BE29D77714005236FD /* Colors.xcassets in Resources */,
				00A6B3B329D775F3005236FD /* Assets.xcassets in Resources */,
				00A6B40B29D79899005236FD /* Cart.storyboard in Resources */,
			);
			runOnlyForDeploymentPostprocessing = 0;
		};
/* End PBXResourcesBuildPhase section */

/* Begin PBXShellScriptBuildPhase section */
		00A6B3C129D779FA005236FD /* ShellScript */ = {
			isa = PBXShellScriptBuildPhase;
			buildActionMask = 2147483647;
			files = (
			);
			inputFileListPaths = (
			);
			inputPaths = (
			);
			outputFileListPaths = (
			);
			outputPaths = (
			);
			runOnlyForDeploymentPostprocessing = 0;
			shellPath = /bin/sh;
			shellScript = "
";
		};
		7AFA55322A6CCF0BA7C6AE2E /* [CP] Check Pods Manifest.lock */ = {
			isa = PBXShellScriptBuildPhase;
			buildActionMask = 2147483647;
			files = (
			);
			inputFileListPaths = (
			);
			inputPaths = (
				"${PODS_PODFILE_DIR_PATH}/Podfile.lock",
				"${PODS_ROOT}/Manifest.lock",
			);
			name = "[CP] Check Pods Manifest.lock";
			outputFileListPaths = (
			);
			outputPaths = (
				"$(DERIVED_FILE_DIR)/Pods-Pizza  App Demo-checkManifestLockResult.txt",
			);
			runOnlyForDeploymentPostprocessing = 0;
			shellPath = /bin/sh;
			shellScript = "diff \"${PODS_PODFILE_DIR_PATH}/Podfile.lock\" \"${PODS_ROOT}/Manifest.lock\" > /dev/null\nif [ $? != 0 ] ; then\n    # print error to STDERR\n    echo \"error: The sandbox is not in sync with the Podfile.lock. Run 'pod install' or update your CocoaPods installation.\" >&2\n    exit 1\nfi\n# This output is used by Xcode 'outputs' to avoid re-running this script phase.\necho \"SUCCESS\" > \"${SCRIPT_OUTPUT_FILE_0}\"\n";
			showEnvVarsInLog = 0;
		};
		A1266CB21A4A32817ACE1AE2 /* [CP] Embed Pods Frameworks */ = {
			isa = PBXShellScriptBuildPhase;
			buildActionMask = 2147483647;
			files = (
			);
			inputFileListPaths = (
				"${PODS_ROOT}/Target Support Files/Pods-Pizza  App Demo/Pods-Pizza  App Demo-frameworks-${CONFIGURATION}-input-files.xcfilelist",
			);
			name = "[CP] Embed Pods Frameworks";
			outputFileListPaths = (
				"${PODS_ROOT}/Target Support Files/Pods-Pizza  App Demo/Pods-Pizza  App Demo-frameworks-${CONFIGURATION}-output-files.xcfilelist",
			);
			runOnlyForDeploymentPostprocessing = 0;
			shellPath = /bin/sh;
			shellScript = "\"${PODS_ROOT}/Target Support Files/Pods-Pizza  App Demo/Pods-Pizza  App Demo-frameworks.sh\"\n";
			showEnvVarsInLog = 0;
		};
/* End PBXShellScriptBuildPhase section */

/* Begin PBXSourcesBuildPhase section */
		00A6B39F29D775EE005236FD /* Sources */ = {
			isa = PBXSourcesBuildPhase;
			buildActionMask = 2147483647;
			files = (
				00A6B3E429D78F64005236FD /* Size.swift in Sources */,
				00A6B3CE29D78C02005236FD /* NetworkConstants.swift in Sources */,
				00A6B3DC29D78F45005236FD /* ResponseObject.swift in Sources */,
				00A6B3F729D7901B005236FD /* RatingView.swift in Sources */,
				00A6B3AB29D775EE005236FD /* ViewController.swift in Sources */,
				00A6B3E629D78F64005236FD /* Slider.swift in Sources */,
				00A6B3CF29D78C02005236FD /* FeedRouter.swift in Sources */,
				00A6B3F229D78FA6005236FD /* UIView+Extensions.swift in Sources */,
				00A6B40429D792A1005236FD /* PizzaNavigator.swift in Sources */,
				00A6B3FD29D79275005236FD /* AppCoordinator.swift in Sources */,
				00A6B3D929D78EEF005236FD /* NibLoadingView.swift in Sources */,
				00A6B3CD29D78C02005236FD /* MainRouter.swift in Sources */,
				00A6B3D829D78EEF005236FD /* AppStoryboard.swift in Sources */,
				00A6B3E729D78F64005236FD /* PizzaCategory.swift in Sources */,
				00A6B3D429D78EC5005236FD /* CustomTabBar.swift in Sources */,
				00A6B3F329D78FA6005236FD /* UICollectionView+Extensions.swift in Sources */,
				00A6B3C529D78BF4005236FD /* APIRouter.swift in Sources */,
				00A6B3F129D78FA6005236FD /* UITableView+Extensions.swift in Sources */,
				00A6B3F429D78FA6005236FD /* UIStackView+Extensions.swift in Sources */,
				00A6B40929D79636005236FD /* BaseViewModel.swift in Sources */,
				00A6B3D329D78EC5005236FD /* CustomTabBarController.swift in Sources */,
				00A6B3E929D78F64005236FD /* CartItem.swift in Sources */,
				00A6B40829D79636005236FD /* BaseWireframe.swift in Sources */,
				00A6B3E529D78F64005236FD /* PizzaOptions.swift in Sources */,
				00A6B3B129D775EF005236FD /* Pizza__App_Demo.xcdatamodeld in Sources */,
				00A6B40229D792A1005236FD /* MainNavigator.swift in Sources */,
				00A6B40329D792A1005236FD /* CartNavigator.swift in Sources */,
				00A6B3FA29D79209005236FD /* Navigator.swift in Sources */,
				00A6B3A729D775EE005236FD /* AppDelegate.swift in Sources */,
				00A6B3CC29D78C02005236FD /* PizzaRouter.swift in Sources */,
				00A6B3E829D78F64005236FD /* Product.swift in Sources */,
				00A6B3F029D78FA6005236FD /* UIColor+Extensions.swift in Sources */,
				00A6B3A929D775EE005236FD /* SceneDelegate.swift in Sources */,
				00A6B3CB29D78C02005236FD /* NetworkClient.swift in Sources */,
			);
			runOnlyForDeploymentPostprocessing = 0;
		};
/* End PBXSourcesBuildPhase section */

/* Begin PBXVariantGroup section */
		00A6B3B429D775F3005236FD /* LaunchScreen.storyboard */ = {
			isa = PBXVariantGroup;
			children = (
				00A6B3B529D775F3005236FD /* Base */,
			);
			name = LaunchScreen.storyboard;
			sourceTree = "<group>";
		};
/* End PBXVariantGroup section */

/* Begin XCBuildConfiguration section */
		00A6B3B829D775F3005236FD /* Debug */ = {
			isa = XCBuildConfiguration;
			buildSettings = {
				ALWAYS_SEARCH_USER_PATHS = NO;
				CLANG_ANALYZER_NONNULL = YES;
				CLANG_ANALYZER_NUMBER_OBJECT_CONVERSION = YES_AGGRESSIVE;
				CLANG_CXX_LANGUAGE_STANDARD = "gnu++17";
				CLANG_CXX_LIBRARY = "libc++";
				CLANG_ENABLE_MODULES = YES;
				CLANG_ENABLE_OBJC_ARC = YES;
				CLANG_ENABLE_OBJC_WEAK = YES;
				CLANG_WARN_BLOCK_CAPTURE_AUTORELEASING = YES;
				CLANG_WARN_BOOL_CONVERSION = YES;
				CLANG_WARN_COMMA = YES;
				CLANG_WARN_CONSTANT_CONVERSION = YES;
				CLANG_WARN_DEPRECATED_OBJC_IMPLEMENTATIONS = YES;
				CLANG_WARN_DIRECT_OBJC_ISA_USAGE = YES_ERROR;
				CLANG_WARN_DOCUMENTATION_COMMENTS = YES;
				CLANG_WARN_EMPTY_BODY = YES;
				CLANG_WARN_ENUM_CONVERSION = YES;
				CLANG_WARN_INFINITE_RECURSION = YES;
				CLANG_WARN_INT_CONVERSION = YES;
				CLANG_WARN_NON_LITERAL_NULL_CONVERSION = YES;
				CLANG_WARN_OBJC_IMPLICIT_RETAIN_SELF = YES;
				CLANG_WARN_OBJC_LITERAL_CONVERSION = YES;
				CLANG_WARN_OBJC_ROOT_CLASS = YES_ERROR;
				CLANG_WARN_QUOTED_INCLUDE_IN_FRAMEWORK_HEADER = YES;
				CLANG_WARN_RANGE_LOOP_ANALYSIS = YES;
				CLANG_WARN_STRICT_PROTOTYPES = YES;
				CLANG_WARN_SUSPICIOUS_MOVE = YES;
				CLANG_WARN_UNGUARDED_AVAILABILITY = YES_AGGRESSIVE;
				CLANG_WARN_UNREACHABLE_CODE = YES;
				CLANG_WARN__DUPLICATE_METHOD_MATCH = YES;
				COPY_PHASE_STRIP = NO;
				DEBUG_INFORMATION_FORMAT = dwarf;
				ENABLE_STRICT_OBJC_MSGSEND = YES;
				ENABLE_TESTABILITY = YES;
				GCC_C_LANGUAGE_STANDARD = gnu11;
				GCC_DYNAMIC_NO_PIC = NO;
				GCC_NO_COMMON_BLOCKS = YES;
				GCC_OPTIMIZATION_LEVEL = 0;
				GCC_PREPROCESSOR_DEFINITIONS = (
					"DEBUG=1",
					"$(inherited)",
				);
				GCC_WARN_64_TO_32_BIT_CONVERSION = YES;
				GCC_WARN_ABOUT_RETURN_TYPE = YES_ERROR;
				GCC_WARN_UNDECLARED_SELECTOR = YES;
				GCC_WARN_UNINITIALIZED_AUTOS = YES_AGGRESSIVE;
				GCC_WARN_UNUSED_FUNCTION = YES;
				GCC_WARN_UNUSED_VARIABLE = YES;
				IPHONEOS_DEPLOYMENT_TARGET = 15.2;
				MTL_ENABLE_DEBUG_INFO = INCLUDE_SOURCE;
				MTL_FAST_MATH = YES;
				ONLY_ACTIVE_ARCH = YES;
				SDKROOT = iphoneos;
				SWIFT_ACTIVE_COMPILATION_CONDITIONS = DEBUG;
				SWIFT_OPTIMIZATION_LEVEL = "-Onone";
			};
			name = Debug;
		};
		00A6B3B929D775F3005236FD /* Release */ = {
			isa = XCBuildConfiguration;
			buildSettings = {
				ALWAYS_SEARCH_USER_PATHS = NO;
				CLANG_ANALYZER_NONNULL = YES;
				CLANG_ANALYZER_NUMBER_OBJECT_CONVERSION = YES_AGGRESSIVE;
				CLANG_CXX_LANGUAGE_STANDARD = "gnu++17";
				CLANG_CXX_LIBRARY = "libc++";
				CLANG_ENABLE_MODULES = YES;
				CLANG_ENABLE_OBJC_ARC = YES;
				CLANG_ENABLE_OBJC_WEAK = YES;
				CLANG_WARN_BLOCK_CAPTURE_AUTORELEASING = YES;
				CLANG_WARN_BOOL_CONVERSION = YES;
				CLANG_WARN_COMMA = YES;
				CLANG_WARN_CONSTANT_CONVERSION = YES;
				CLANG_WARN_DEPRECATED_OBJC_IMPLEMENTATIONS = YES;
				CLANG_WARN_DIRECT_OBJC_ISA_USAGE = YES_ERROR;
				CLANG_WARN_DOCUMENTATION_COMMENTS = YES;
				CLANG_WARN_EMPTY_BODY = YES;
				CLANG_WARN_ENUM_CONVERSION = YES;
				CLANG_WARN_INFINITE_RECURSION = YES;
				CLANG_WARN_INT_CONVERSION = YES;
				CLANG_WARN_NON_LITERAL_NULL_CONVERSION = YES;
				CLANG_WARN_OBJC_IMPLICIT_RETAIN_SELF = YES;
				CLANG_WARN_OBJC_LITERAL_CONVERSION = YES;
				CLANG_WARN_OBJC_ROOT_CLASS = YES_ERROR;
				CLANG_WARN_QUOTED_INCLUDE_IN_FRAMEWORK_HEADER = YES;
				CLANG_WARN_RANGE_LOOP_ANALYSIS = YES;
				CLANG_WARN_STRICT_PROTOTYPES = YES;
				CLANG_WARN_SUSPICIOUS_MOVE = YES;
				CLANG_WARN_UNGUARDED_AVAILABILITY = YES_AGGRESSIVE;
				CLANG_WARN_UNREACHABLE_CODE = YES;
				CLANG_WARN__DUPLICATE_METHOD_MATCH = YES;
				COPY_PHASE_STRIP = NO;
				DEBUG_INFORMATION_FORMAT = "dwarf-with-dsym";
				ENABLE_NS_ASSERTIONS = NO;
				ENABLE_STRICT_OBJC_MSGSEND = YES;
				GCC_C_LANGUAGE_STANDARD = gnu11;
				GCC_NO_COMMON_BLOCKS = YES;
				GCC_WARN_64_TO_32_BIT_CONVERSION = YES;
				GCC_WARN_ABOUT_RETURN_TYPE = YES_ERROR;
				GCC_WARN_UNDECLARED_SELECTOR = YES;
				GCC_WARN_UNINITIALIZED_AUTOS = YES_AGGRESSIVE;
				GCC_WARN_UNUSED_FUNCTION = YES;
				GCC_WARN_UNUSED_VARIABLE = YES;
				IPHONEOS_DEPLOYMENT_TARGET = 15.2;
				MTL_ENABLE_DEBUG_INFO = NO;
				MTL_FAST_MATH = YES;
				SDKROOT = iphoneos;
				SWIFT_COMPILATION_MODE = wholemodule;
				SWIFT_OPTIMIZATION_LEVEL = "-O";
				VALIDATE_PRODUCT = YES;
			};
			name = Release;
		};
		00A6B3BB29D775F3005236FD /* Debug */ = {
			isa = XCBuildConfiguration;
			baseConfigurationReference = DA1A7F76D1036327C985CE07 /* Pods-Pizza  App Demo.debug.xcconfig */;
			buildSettings = {
				ASSETCATALOG_COMPILER_APPICON_NAME = AppIcon;
				ASSETCATALOG_COMPILER_GLOBAL_ACCENT_COLOR_NAME = AccentColor;
				CODE_SIGN_STYLE = Automatic;
				CURRENT_PROJECT_VERSION = 1;
				GENERATE_INFOPLIST_FILE = YES;
				INFOPLIST_FILE = "Pizza  App Demo/Resources/Info.plist";
				INFOPLIST_KEY_NSMainNibFile = Main;
				INFOPLIST_KEY_UIApplicationSupportsIndirectInputEvents = YES;
				INFOPLIST_KEY_UILaunchStoryboardName = LaunchScreen;
				INFOPLIST_KEY_UISupportedInterfaceOrientations = UIInterfaceOrientationPortrait;
				INFOPLIST_KEY_UISupportedInterfaceOrientations_iPad = "UIInterfaceOrientationPortrait UIInterfaceOrientationPortraitUpsideDown UIInterfaceOrientationLandscapeLeft UIInterfaceOrientationLandscapeRight";
				INFOPLIST_KEY_UISupportedInterfaceOrientations_iPhone = "UIInterfaceOrientationPortrait UIInterfaceOrientationLandscapeLeft UIInterfaceOrientationLandscapeRight";
				LD_RUNPATH_SEARCH_PATHS = (
					"$(inherited)",
					"@executable_path/Frameworks",
				);
				MARKETING_VERSION = 1.0;
				PRODUCT_BUNDLE_IDENTIFIER = "Andela.Pizza--App-Demo";
				PRODUCT_NAME = "$(TARGET_NAME)";
				SWIFT_EMIT_LOC_STRINGS = YES;
				SWIFT_VERSION = 5.0;
				TARGETED_DEVICE_FAMILY = "1,2";
			};
			name = Debug;
		};
		00A6B3BC29D775F3005236FD /* Release */ = {
			isa = XCBuildConfiguration;
			baseConfigurationReference = 6C9252A5067BB6ABD06CD5D7 /* Pods-Pizza  App Demo.release.xcconfig */;
			buildSettings = {
				ASSETCATALOG_COMPILER_APPICON_NAME = AppIcon;
				ASSETCATALOG_COMPILER_GLOBAL_ACCENT_COLOR_NAME = AccentColor;
				CODE_SIGN_STYLE = Automatic;
				CURRENT_PROJECT_VERSION = 1;
				GENERATE_INFOPLIST_FILE = YES;
				INFOPLIST_FILE = "Pizza  App Demo/Resources/Info.plist";
				INFOPLIST_KEY_NSMainNibFile = Main;
				INFOPLIST_KEY_UIApplicationSupportsIndirectInputEvents = YES;
				INFOPLIST_KEY_UILaunchStoryboardName = LaunchScreen;
				INFOPLIST_KEY_UISupportedInterfaceOrientations = UIInterfaceOrientationPortrait;
				INFOPLIST_KEY_UISupportedInterfaceOrientations_iPad = "UIInterfaceOrientationPortrait UIInterfaceOrientationPortraitUpsideDown UIInterfaceOrientationLandscapeLeft UIInterfaceOrientationLandscapeRight";
				INFOPLIST_KEY_UISupportedInterfaceOrientations_iPhone = "UIInterfaceOrientationPortrait UIInterfaceOrientationLandscapeLeft UIInterfaceOrientationLandscapeRight";
				LD_RUNPATH_SEARCH_PATHS = (
					"$(inherited)",
					"@executable_path/Frameworks",
				);
				MARKETING_VERSION = 1.0;
				PRODUCT_BUNDLE_IDENTIFIER = "Andela.Pizza--App-Demo";
				PRODUCT_NAME = "$(TARGET_NAME)";
				SWIFT_EMIT_LOC_STRINGS = YES;
				SWIFT_VERSION = 5.0;
				TARGETED_DEVICE_FAMILY = "1,2";
			};
			name = Release;
		};
/* End XCBuildConfiguration section */

/* Begin XCConfigurationList section */
		00A6B39E29D775EE005236FD /* Build configuration list for PBXProject "Pizza  App Demo" */ = {
			isa = XCConfigurationList;
			buildConfigurations = (
				00A6B3B829D775F3005236FD /* Debug */,
				00A6B3B929D775F3005236FD /* Release */,
			);
			defaultConfigurationIsVisible = 0;
			defaultConfigurationName = Release;
		};
		00A6B3BA29D775F3005236FD /* Build configuration list for PBXNativeTarget "Pizza  App Demo" */ = {
			isa = XCConfigurationList;
			buildConfigurations = (
				00A6B3BB29D775F3005236FD /* Debug */,
				00A6B3BC29D775F3005236FD /* Release */,
			);
			defaultConfigurationIsVisible = 0;
			defaultConfigurationName = Release;
		};
/* End XCConfigurationList section */

/* Begin XCVersionGroup section */
		00A6B3AF29D775EE005236FD /* Pizza__App_Demo.xcdatamodeld */ = {
			isa = XCVersionGroup;
			children = (
				00A6B3B029D775EE005236FD /* Pizza__App_Demo.xcdatamodel */,
			);
			currentVersion = 00A6B3B029D775EE005236FD /* Pizza__App_Demo.xcdatamodel */;
			path = Pizza__App_Demo.xcdatamodeld;
			sourceTree = "<group>";
			versionGroupType = wrapper.xcdatamodel;
		};
/* End XCVersionGroup section */
	};
	rootObject = 00A6B39B29D775EE005236FD /* Project object */;
}
